lockfileVersion: '9.0'

settings:
  autoInstallPeers: true
  excludeLinksFromLockfile: false

importers:

  .:
    dependencies:
      '@modelcontextprotocol/sdk':
        specifier: ^1.5.0
        version: 1.5.0
      html2canvas:
        specifier: ^1.4.1
        version: 1.4.1
      ws:
        specifier: ^8.16.0
        version: 8.18.2
      zod:
        specifier: ^3.24.4
        version: 3.24.4
    devDependencies:
      '@rollup/plugin-commonjs':
        specifier: ^25.0.7
        version: 25.0.8(rollup@4.40.2)
      '@rollup/plugin-node-resolve':
        specifier: ^15.2.3
        version: 15.3.1(rollup@4.40.2)
      '@rollup/plugin-typescript':
        specifier: ^11.1.6
        version: 11.1.6(rollup@4.40.2)(tslib@2.8.1)(typescript@5.8.3)
      '@types/node':
        specifier: ^20.17.46
        version: 20.17.46
      '@types/ws':
        specifier: ^8.18.1
        version: 8.18.1
      rollup:
        specifier: ^4.12.1
        version: 4.40.2
      rollup-plugin-terser:
        specifier: ^7.0.2
        version: 7.0.2(rollup@4.40.2)
      tslib:
        specifier: ^2.8.1
        version: 2.8.1
      typescript:
        specifier: ^5.4.2
        version: 5.8.3

packages:

  '@babel/code-frame@7.27.1':
    resolution: {integrity: sha512-cjQ7ZlQ0Mv3b47hABuTevyTuYN4i+loJKGeV9flcCgIK37cCXRh+L1bd3iBHlynerhQ7BhCkn2BPbQUL+rGqFg==}
    engines: {node: '>=6.9.0'}

  '@babel/helper-validator-identifier@7.27.1':
    resolution: {integrity: sha512-D2hP9eA+Sqx1kBZgzxZh0y1trbuU+JoDkiEwqhQ36nodYqJwyEIhPSdMNd7lOm/4io72luTPWH20Yda0xOuUow==}
    engines: {node: '>=6.9.0'}

  '@jridgewell/gen-mapping@0.3.8':
    resolution: {integrity: sha512-imAbBGkb+ebQyxKgzv5Hu2nmROxoDOXHh80evxdoXNOrvAnVx7zimzc1Oo5h9RlfV4vPXaE2iM5pOFbvOCClWA==}
    engines: {node: '>=6.0.0'}

  '@jridgewell/resolve-uri@3.1.2':
    resolution: {integrity: sha512-bRISgCIjP20/tbWSPWMEi54QVPRZExkuD9lJL+UIxUKtwVJA8wW1Trb1jMs1RFXo1CBTNZ/5hpC9QvmKWdopKw==}
    engines: {node: '>=6.0.0'}

  '@jridgewell/set-array@1.2.1':
    resolution: {integrity: sha512-R8gLRTZeyp03ymzP/6Lil/28tGeGEzhx1q2k703KGWRAI1VdvPIXdG70VJc2pAMw3NA6JKL5hhFu1sJX0Mnn/A==}
    engines: {node: '>=6.0.0'}

  '@jridgewell/source-map@0.3.6':
    resolution: {integrity: sha512-1ZJTZebgqllO79ue2bm3rIGud/bOe0pP5BjSRCRxxYkEZS8STV7zN84UBbiYu7jy+eCKSnVIUgoWWE/tt+shMQ==}

  '@jridgewell/sourcemap-codec@1.5.0':
    resolution: {integrity: sha512-gv3ZRaISU3fjPAgNsriBRqGWQL6quFx04YMPW/zD8XMLsU32mhCCbfbO6KZFLjvYpCZ8zyDEgqsgf+PwPaM7GQ==}

  '@jridgewell/trace-mapping@0.3.25':
    resolution: {integrity: sha512-vNk6aEwybGtawWmy/PzwnGDOjCkLWSD2wqvjGGAgOAwCGWySYXfYoxt00IJkTF+8Lb57DwOb3Aa0o9CApepiYQ==}

  '@modelcontextprotocol/sdk@1.5.0':
    resolution: {integrity: sha512-IJ+5iVVs8FCumIHxWqpwgkwOzyhtHVKy45s6Ug7Dv0MfRpaYisH8QQ87rIWeWdOzlk8sfhitZ7HCyQZk7d6b8w==}
    engines: {node: '>=18'}

  '@rollup/plugin-commonjs@25.0.8':
    resolution: {integrity: sha512-ZEZWTK5n6Qde0to4vS9Mr5x/0UZoqCxPVR9KRUjU4kA2sO7GEUn1fop0DAwpO6z0Nw/kJON9bDmSxdWxO/TT1A==}
    engines: {node: '>=14.0.0'}
    peerDependencies:
      rollup: ^2.68.0||^3.0.0||^4.0.0
    peerDependenciesMeta:
      rollup:
        optional: true

  '@rollup/plugin-node-resolve@15.3.1':
    resolution: {integrity: sha512-tgg6b91pAybXHJQMAAwW9VuWBO6Thi+q7BCNARLwSqlmsHz0XYURtGvh/AuwSADXSI4h/2uHbs7s4FzlZDGSGA==}
    engines: {node: '>=14.0.0'}
    peerDependencies:
      rollup: ^2.78.0||^3.0.0||^4.0.0
    peerDependenciesMeta:
      rollup:
        optional: true

  '@rollup/plugin-typescript@11.1.6':
    resolution: {integrity: sha512-R92yOmIACgYdJ7dJ97p4K69I8gg6IEHt8M7dUBxN3W6nrO8uUxX5ixl0yU/N3aZTi8WhPuICvOHXQvF6FaykAA==}
    engines: {node: '>=14.0.0'}
    peerDependencies:
      rollup: ^2.14.0||^3.0.0||^4.0.0
      tslib: '*'
      typescript: '>=3.7.0'
    peerDependenciesMeta:
      rollup:
        optional: true
      tslib:
        optional: true

  '@rollup/pluginutils@5.1.4':
    resolution: {integrity: sha512-USm05zrsFxYLPdWWq+K3STlWiT/3ELn3RcV5hJMghpeAIhxfsUIg6mt12CBJBInWMV4VneoV7SfGv8xIwo2qNQ==}
    engines: {node: '>=14.0.0'}
    peerDependencies:
      rollup: ^1.20.0||^2.0.0||^3.0.0||^4.0.0
    peerDependenciesMeta:
      rollup:
        optional: true

  '@rollup/rollup-android-arm-eabi@4.40.2':
    resolution: {integrity: sha512-JkdNEq+DFxZfUwxvB58tHMHBHVgX23ew41g1OQinthJ+ryhdRk67O31S7sYw8u2lTjHUPFxwar07BBt1KHp/hg==}
    cpu: [arm]
    os: [android]

  '@rollup/rollup-android-arm64@4.40.2':
    resolution: {integrity: sha512-13unNoZ8NzUmnndhPTkWPWbX3vtHodYmy+I9kuLxN+F+l+x3LdVF7UCu8TWVMt1POHLh6oDHhnOA04n8oJZhBw==}
    cpu: [arm64]
    os: [android]

  '@rollup/rollup-darwin-arm64@4.40.2':
    resolution: {integrity: sha512-Gzf1Hn2Aoe8VZzevHostPX23U7N5+4D36WJNHK88NZHCJr7aVMG4fadqkIf72eqVPGjGc0HJHNuUaUcxiR+N/w==}
    cpu: [arm64]
    os: [darwin]

  '@rollup/rollup-darwin-x64@4.40.2':
    resolution: {integrity: sha512-47N4hxa01a4x6XnJoskMKTS8XZ0CZMd8YTbINbi+w03A2w4j1RTlnGHOz/P0+Bg1LaVL6ufZyNprSg+fW5nYQQ==}
    cpu: [x64]
    os: [darwin]

  '@rollup/rollup-freebsd-arm64@4.40.2':
    resolution: {integrity: sha512-8t6aL4MD+rXSHHZUR1z19+9OFJ2rl1wGKvckN47XFRVO+QL/dUSpKA2SLRo4vMg7ELA8pzGpC+W9OEd1Z/ZqoQ==}
    cpu: [arm64]
    os: [freebsd]

  '@rollup/rollup-freebsd-x64@4.40.2':
    resolution: {integrity: sha512-C+AyHBzfpsOEYRFjztcYUFsH4S7UsE9cDtHCtma5BK8+ydOZYgMmWg1d/4KBytQspJCld8ZIujFMAdKG1xyr4Q==}
    cpu: [x64]
    os: [freebsd]

  '@rollup/rollup-linux-arm-gnueabihf@4.40.2':
    resolution: {integrity: sha512-de6TFZYIvJwRNjmW3+gaXiZ2DaWL5D5yGmSYzkdzjBDS3W+B9JQ48oZEsmMvemqjtAFzE16DIBLqd6IQQRuG9Q==}
    cpu: [arm]
    os: [linux]

  '@rollup/rollup-linux-arm-musleabihf@4.40.2':
    resolution: {integrity: sha512-urjaEZubdIkacKc930hUDOfQPysezKla/O9qV+O89enqsqUmQm8Xj8O/vh0gHg4LYfv7Y7UsE3QjzLQzDYN1qg==}
    cpu: [arm]
    os: [linux]

  '@rollup/rollup-linux-arm64-gnu@4.40.2':
    resolution: {integrity: sha512-KlE8IC0HFOC33taNt1zR8qNlBYHj31qGT1UqWqtvR/+NuCVhfufAq9fxO8BMFC22Wu0rxOwGVWxtCMvZVLmhQg==}
    cpu: [arm64]
    os: [linux]

  '@rollup/rollup-linux-arm64-musl@4.40.2':
    resolution: {integrity: sha512-j8CgxvfM0kbnhu4XgjnCWJQyyBOeBI1Zq91Z850aUddUmPeQvuAy6OiMdPS46gNFgy8gN1xkYyLgwLYZG3rBOg==}
    cpu: [arm64]
    os: [linux]

  '@rollup/rollup-linux-loongarch64-gnu@4.40.2':
    resolution: {integrity: sha512-Ybc/1qUampKuRF4tQXc7G7QY9YRyeVSykfK36Y5Qc5dmrIxwFhrOzqaVTNoZygqZ1ZieSWTibfFhQ5qK8jpWxw==}
    cpu: [loong64]
    os: [linux]

  '@rollup/rollup-linux-powerpc64le-gnu@4.40.2':
    resolution: {integrity: sha512-3FCIrnrt03CCsZqSYAOW/k9n625pjpuMzVfeI+ZBUSDT3MVIFDSPfSUgIl9FqUftxcUXInvFah79hE1c9abD+Q==}
    cpu: [ppc64]
    os: [linux]

  '@rollup/rollup-linux-riscv64-gnu@4.40.2':
    resolution: {integrity: sha512-QNU7BFHEvHMp2ESSY3SozIkBPaPBDTsfVNGx3Xhv+TdvWXFGOSH2NJvhD1zKAT6AyuuErJgbdvaJhYVhVqrWTg==}
    cpu: [riscv64]
    os: [linux]

  '@rollup/rollup-linux-riscv64-musl@4.40.2':
    resolution: {integrity: sha512-5W6vNYkhgfh7URiXTO1E9a0cy4fSgfE4+Hl5agb/U1sa0kjOLMLC1wObxwKxecE17j0URxuTrYZZME4/VH57Hg==}
    cpu: [riscv64]
    os: [linux]

  '@rollup/rollup-linux-s390x-gnu@4.40.2':
    resolution: {integrity: sha512-B7LKIz+0+p348JoAL4X/YxGx9zOx3sR+o6Hj15Y3aaApNfAshK8+mWZEf759DXfRLeL2vg5LYJBB7DdcleYCoQ==}
    cpu: [s390x]
    os: [linux]

  '@rollup/rollup-linux-x64-gnu@4.40.2':
    resolution: {integrity: sha512-lG7Xa+BmBNwpjmVUbmyKxdQJ3Q6whHjMjzQplOs5Z+Gj7mxPtWakGHqzMqNER68G67kmCX9qX57aRsW5V0VOng==}
    cpu: [x64]
    os: [linux]

  '@rollup/rollup-linux-x64-musl@4.40.2':
    resolution: {integrity: sha512-tD46wKHd+KJvsmije4bUskNuvWKFcTOIM9tZ/RrmIvcXnbi0YK/cKS9FzFtAm7Oxi2EhV5N2OpfFB348vSQRXA==}
    cpu: [x64]
    os: [linux]

  '@rollup/rollup-win32-arm64-msvc@4.40.2':
    resolution: {integrity: sha512-Bjv/HG8RRWLNkXwQQemdsWw4Mg+IJ29LK+bJPW2SCzPKOUaMmPEppQlu/Fqk1d7+DX3V7JbFdbkh/NMmurT6Pg==}
    cpu: [arm64]
    os: [win32]

  '@rollup/rollup-win32-ia32-msvc@4.40.2':
    resolution: {integrity: sha512-dt1llVSGEsGKvzeIO76HToiYPNPYPkmjhMHhP00T9S4rDern8P2ZWvWAQUEJ+R1UdMWJ/42i/QqJ2WV765GZcA==}
    cpu: [ia32]
    os: [win32]

  '@rollup/rollup-win32-x64-msvc@4.40.2':
    resolution: {integrity: sha512-bwspbWB04XJpeElvsp+DCylKfF4trJDa2Y9Go8O6A7YLX2LIKGcNK/CYImJN6ZP4DcuOHB4Utl3iCbnR62DudA==}
    cpu: [x64]
    os: [win32]

  '@types/estree@1.0.7':
    resolution: {integrity: sha512-w28IoSUCJpidD/TGviZwwMJckNESJZXFu7NBZ5YJ4mEUnNraUn9Pm8HSZm/jDF1pDWYKspWE7oVphigUPRakIQ==}

  '@types/node@20.17.46':
    resolution: {integrity: sha512-0PQHLhZPWOxGW4auogW0eOQAuNIlCYvibIpG67ja0TOJ6/sehu+1en7sfceUn+QQtx4Rk3GxbLNwPh0Cav7TWw==}

  '@types/resolve@1.20.2':
    resolution: {integrity: sha512-60BCwRFOZCQhDncwQdxxeOEEkbc5dIMccYLwbxsS4TUNeVECQ/pBJ0j09mrHOl/JJvpRPGwO9SvE4nR2Nb/a4Q==}

  '@types/ws@8.18.1':
    resolution: {integrity: sha512-ThVF6DCVhA8kUGy+aazFQ4kXQ7E1Ty7A3ypFOe0IcJV8O/M511G99AW24irKrW56Wt44yG9+ij8FaqoBGkuBXg==}

  acorn@8.14.1:
    resolution: {integrity: sha512-OvQ/2pUDKmgfCg++xsTX1wGxfTaszcHVcTctW4UJB4hibJx2HXxxO5UmVgyjMa+ZDsiaf5wWLXYpRWMmBI0QHg==}
    engines: {node: '>=0.4.0'}
    hasBin: true

  balanced-match@1.0.2:
    resolution: {integrity: sha512-3oSeUO0TMV67hN1AmbXsK4yaqU7tjiHlbxRDZOpH0KW9+CeX4bRAaX0Anxt0tx2MrpRpWwQaPwIlISEJhYU5Pw==}

  base64-arraybuffer@1.0.2:
    resolution: {integrity: sha512-I3yl4r9QB5ZRY3XuJVEPfc2XhZO6YweFPI+UovAzn+8/hb3oJ6lnysaFcjVpkCPfVWFUDvoZ8kmVDP7WyRtYtQ==}
    engines: {node: '>= 0.6.0'}

  brace-expansion@2.0.1:
    resolution: {integrity: sha512-XnAIvQ8eM+kC6aULx6wuQiwVsnzsi9d3WxzV3FpWTGA19F621kwdbsAcFKXgKUHZWsy+mY6iL1sHTxWEFCytDA==}

  buffer-from@1.1.2:
    resolution: {integrity: sha512-E+XQCRwSbaaiChtv6k6Dwgc+bx+Bs6vuKJHHl5kox/BaKbhiXzqQOwK4cO22yElGp2OCmjwVhT3HmxgyPGnJfQ==}

  bytes@3.1.2:
    resolution: {integrity: sha512-/Nf7TyzTx6S3yRJObOAV7956r8cr2+Oj8AC5dt8wSP3BQAoeX58NoHyCU8P8zGkNXStjTSi6fzO6F0pBdcYbEg==}
    engines: {node: '>= 0.8'}

  commander@2.20.3:
    resolution: {integrity: sha512-GpVkmM8vF2vQUkj2LvZmD35JxeJOLCwJ9cUkugyk2nuhbv3+mJvpLYYt+0+USMxE+oj+ey/lJEnhZw75x/OMcQ==}

  commondir@1.0.1:
    resolution: {integrity: sha512-W9pAhw0ja1Edb5GVdIF1mjZw/ASI0AlShXM83UUGe2DVr5TdAPEA1OA8m/g8zWp9x6On7gqufY+FatDbC3MDQg==}

  content-type@1.0.5:
    resolution: {integrity: sha512-nTjqfcBFEipKdXCv4YDQWCfmcLZKm81ldF0pAopTvyrFGVbcR6P/VAAd5G7N+0tTr8QqiU0tFadD6FK4NtJwOA==}
    engines: {node: '>= 0.6'}

  css-line-break@2.1.0:
    resolution: {integrity: sha512-FHcKFCZcAha3LwfVBhCQbW2nCNbkZXn7KVUJcsT5/P8YmfsVja0FMPJr0B903j/E69HUphKiV9iQArX8SDYA4w==}

  deepmerge@4.3.1:
    resolution: {integrity: sha512-3sUqbMEc77XqpdNO7FRyRog+eW3ph+GYCbj+rK+uYyRMuwsVy0rMiVtPn+QJlKFvWP/1PYpapqYn0Me2knFn+A==}
    engines: {node: '>=0.10.0'}

  depd@2.0.0:
    resolution: {integrity: sha512-g7nH6P6dyDioJogAAGprGpCtVImJhpPk/roCzdb3fIh61/s/nPsfR6onyMwkCAR/OlC3yBC0lESvUoQEAssIrw==}
    engines: {node: '>= 0.8'}

  estree-walker@2.0.2:
    resolution: {integrity: sha512-Rfkk/Mp/DL7JVje3u18FxFujQlTNR2q6QfMSMB7AvCBx91NGj/ba3kCfza0f6dVDbw7YlRf/nDrn7pQrCCyQ/w==}

  eventsource-parser@3.0.1:
    resolution: {integrity: sha512-VARTJ9CYeuQYb0pZEPbzi740OWFgpHe7AYJ2WFZVnUDUQp5Dk2yJUgF36YsZ81cOyxT0QxmXD2EQpapAouzWVA==}
    engines: {node: '>=18.0.0'}

  eventsource@3.0.7:
    resolution: {integrity: sha512-CRT1WTyuQoD771GW56XEZFQ/ZoSfWid1alKGDYMmkt2yl8UXrVR4pspqWNEcqKvVIzg6PAltWjxcSSPrboA4iA==}
    engines: {node: '>=18.0.0'}

  fs.realpath@1.0.0:
    resolution: {integrity: sha512-OO0pH2lK6a0hZnAdau5ItzHPI6pUlvI7jMVnxUQRtw4owF2wk8lOSabtGDCTP4Ggrg2MbGnWO9X8K1t4+fGMDw==}

  fsevents@2.3.3:
    resolution: {integrity: sha512-5xoDfX+fL7faATnagmWPpbFtwh/R77WmMMqqHGS65C3vvB0YHrgF+B1YmZ3441tMj5n63k0212XNoJwzlhffQw==}
    engines: {node: ^8.16.0 || ^10.6.0 || >=11.0.0}
    os: [darwin]

  function-bind@1.1.2:
    resolution: {integrity: sha512-7XHNxH7qX9xG5mIwxkhumTox/MIRNcOgDrxWsMt2pAr23WHp6MrRlN7FBSFpCpr+oVO0F744iUgR82nJMfG2SA==}

  glob@8.1.0:
    resolution: {integrity: sha512-r8hpEjiQEYlF2QU0df3dS+nxxSIreXQS1qRhMJM0Q5NDdR386C7jb7Hwwod8Fgiuex+k0GFjgft18yvxm5XoCQ==}
    engines: {node: '>=12'}
    deprecated: Glob versions prior to v9 are no longer supported

  has-flag@4.0.0:
    resolution: {integrity: sha512-EykJT/Q1KjTWctppgIAgfSO0tKVuZUjhgMr17kqTumMl6Afv3EISleU7qZUzoXDFTAHTDC4NOoG/ZxU3EvlMPQ==}
    engines: {node: '>=8'}

  hasown@2.0.2:
    resolution: {integrity: sha512-0hJU9SCPvmMzIBdZFqNPXWa6dqh7WdH0cII9y+CyS8rG3nL48Bclra9HmKhVVUHyPWNH5Y7xDwAB7bfgSjkUMQ==}
    engines: {node: '>= 0.4'}

  html2canvas@1.4.1:
    resolution: {integrity: sha512-fPU6BHNpsyIhr8yyMpTLLxAbkaK8ArIBcmZIRiBLiDhjeqvXolaEmDGmELFuX9I4xDcaKKcJl+TKZLqruBbmWA==}
    engines: {node: '>=8.0.0'}

  http-errors@2.0.0:
    resolution: {integrity: sha512-FtwrG/euBzaEjYeRqOgly7G0qviiXoJWnvEH2Z1plBdXgbyjv34pHTSb9zoeHMyDy33+DWy5Wt9Wo+TURtOYSQ==}
    engines: {node: '>= 0.8'}

  iconv-lite@0.6.3:
    resolution: {integrity: sha512-4fCk79wshMdzMp2rH06qWrJE4iolqLhCUH+OiuIgU++RB0+94NlDL81atO7GX55uUKueo0txHNtvEyI6D7WdMw==}
    engines: {node: '>=0.10.0'}

  inflight@1.0.6:
    resolution: {integrity: sha512-k92I/b08q4wvFscXCLvqfsHCrjrF7yiXsQuIVvVE7N82W3+aqpzuUdBbfhWcy/FZR3/4IgflMgKLOsvPDrGCJA==}
    deprecated: This module is not supported, and leaks memory. Do not use it. Check out lru-cache if you want a good and tested way to coalesce async requests by a key value, which is much more comprehensive and powerful.

  inherits@2.0.4:
    resolution: {integrity: sha512-k/vGaX4/Yla3WzyMCvTQOXYeIHvqOKtnqBduzTHpzpQZzAskKMhZ2K+EnBiSM9zGSoIFeMpXKxa4dYeZIQqewQ==}

  is-core-module@2.16.1:
    resolution: {integrity: sha512-UfoeMA6fIJ8wTYFEUjelnaGI67v6+N7qXJEvQuIGa99l4xsCruSYOVSQ0uPANn4dAzm8lkYPaKLrrijLq7x23w==}
    engines: {node: '>= 0.4'}

  is-module@1.0.0:
    resolution: {integrity: sha512-51ypPSPCoTEIN9dy5Oy+h4pShgJmPCygKfyRCISBI+JoWT/2oJvK8QPxmwv7b/p239jXrm9M1mlQbyKJ5A152g==}

  is-reference@1.2.1:
    resolution: {integrity: sha512-U82MsXXiFIrjCK4otLT+o2NA2Cd2g5MLoOVXUZjIOhLurrRxpEXzI8O0KZHr3IjLvlAH1kTPYSuqer5T9ZVBKQ==}

  jest-worker@26.6.2:
    resolution: {integrity: sha512-KWYVV1c4i+jbMpaBC+U++4Va0cp8OisU185o73T1vo99hqi7w8tSJfUXYswwqqrjzwxa6KpRK54WhPvwf5w6PQ==}
    engines: {node: '>= 10.13.0'}

  js-tokens@4.0.0:
    resolution: {integrity: sha512-RdJUflcE3cUzKiMqQgsCu06FPu9UdIJO0beYbPhHN4k6apgJtifcoCtT9bcxOpYBtpD2kCM6Sbzg4CausW/PKQ==}

  magic-string@0.30.17:
    resolution: {integrity: sha512-sNPKHvyjVf7gyjwS4xGTaW/mCnF8wnjtifKBEhxfZ7E/S8tQ0rssrwGNn6q8JH/ohItJfSQp9mBtQYuTlH5QnA==}

  merge-stream@2.0.0:
    resolution: {integrity: sha512-abv/qOcuPfk3URPfDzmZU1LKmuw8kT+0nIHvKrKgFrwifol/doWcdA4ZqsWQ8ENrFKkd67Mfpo/LovbIUsbt3w==}

  minimatch@5.1.6:
    resolution: {integrity: sha512-lKwV/1brpG6mBUFHtb7NUmtABCb2WZZmm2wNiOA5hAb8VdCS4B3dtMWyvcoViccwAW/COERjXLt0zP1zXUN26g==}
    engines: {node: '>=10'}

  once@1.4.0:
    resolution: {integrity: sha512-lNaJgI+2Q5URQBkccEKHTQOPaXdUxnZZElQTZY0MFUAuaEqe1E+Nyvgdz/aIyNi6Z9MzO5dv1H8n58/GELp3+w==}

  path-parse@1.0.7:
    resolution: {integrity: sha512-LDJzPVEEEPR+y48z93A0Ed0yXb8pAByGWo/k5YYdYgpY2/2EsOsksJrq7lOHxryrVOn1ejG6oAp8ahvOIQD8sw==}

  picocolors@1.1.1:
    resolution: {integrity: sha512-xceH2snhtb5M9liqDsmEw56le376mTZkEX/jEb/RxNFyegNul7eNslCXP9FDj/Lcu0X8KEyMceP2ntpaHrDEVA==}

  picomatch@4.0.2:
    resolution: {integrity: sha512-M7BAV6Rlcy5u+m6oPhAPFgJTzAioX/6B0DxyvDlo9l8+T3nLKbrczg2WLUyzd45L8RqfUMyGPzekbMvX2Ldkwg==}
    engines: {node: '>=12'}

  randombytes@2.1.0:
    resolution: {integrity: sha512-vYl3iOX+4CKUWuxGi9Ukhie6fsqXqS9FE2Zaic4tNFD2N2QQaXOMFbuKK4QmDHC0JO6B1Zp41J0LpT0oR68amQ==}

  raw-body@3.0.0:
    resolution: {integrity: sha512-RmkhL8CAyCRPXCE28MMH0z2PNWQBNk2Q09ZdxM9IOOXwxwZbN+qbWaatPkdkWIKL2ZVDImrN/pK5HTRz2PcS4g==}
    engines: {node: '>= 0.8'}

  resolve@1.22.10:
    resolution: {integrity: sha512-NPRy+/ncIMeDlTAsuqwKIiferiawhefFJtkNSW0qZJEqMEb+qBt/77B/jGeeek+F0uOeN05CDa6HXbbIgtVX4w==}
    engines: {node: '>= 0.4'}
    hasBin: true

  rollup-plugin-terser@7.0.2:
    resolution: {integrity: sha512-w3iIaU4OxcF52UUXiZNsNeuXIMDvFrr+ZXK6bFZ0Q60qyVfq4uLptoS4bbq3paG3x216eQllFZX7zt6TIImguQ==}
    deprecated: This package has been deprecated and is no longer maintained. Please use @rollup/plugin-terser
    peerDependencies:
      rollup: ^2.0.0

  rollup@4.40.2:
    resolution: {integrity: sha512-tfUOg6DTP4rhQ3VjOO6B4wyrJnGOX85requAXvqYTHsOgb2TFJdZ3aWpT8W2kPoypSGP7dZUyzxJ9ee4buM5Fg==}
    engines: {node: '>=18.0.0', npm: '>=8.0.0'}
    hasBin: true

  safe-buffer@5.2.1:
    resolution: {integrity: sha512-rp3So07KcdmmKbGvgaNxQSJr7bGVSVk5S9Eq1F+ppbRo70+YeaDxkw5Dd8NPN+GD6bjnYm2VuPuCXmpuYvmCXQ==}

  safer-buffer@2.1.2:
    resolution: {integrity: sha512-YZo3K82SD7Riyi0E1EQPojLz7kpepnSQI9IyPbHHg1XXXevb5dJI7tpyN2ADxGcQbHG7vcyRHk0cbwqcQriUtg==}

  serialize-javascript@4.0.0:
    resolution: {integrity: sha512-GaNA54380uFefWghODBWEGisLZFj00nS5ACs6yHa9nLqlLpVLO8ChDGeKRjZnV4Nh4n0Qi7nhYZD/9fCPzEqkw==}

  setprototypeof@1.2.0:
    resolution: {integrity: sha512-E5LDX7Wrp85Kil5bhZv46j8jOeboKq5JMmYM3gVGdGH8xFpPWXUMsNrlODCrkoxMEeNi/XZIwuRvY4XNwYMJpw==}

  source-map-support@0.5.21:
    resolution: {integrity: sha512-uBHU3L3czsIyYXKX88fdrGovxdSCoTGDRZ6SYXtSRxLZUzHg5P/66Ht6uoUlHu9EZod+inXhKo3qQgwXUT/y1w==}

  source-map@0.6.1:
    resolution: {integrity: sha512-UjgapumWlbMhkBgzT7Ykc5YXUT46F0iKu8SGXq0bcwP5dz/h0Plj6enJqjz1Zbq2l5WaqYnrVbwWOWMyF3F47g==}
    engines: {node: '>=0.10.0'}

  statuses@2.0.1:
    resolution: {integrity: sha512-RwNA9Z/7PrK06rYLIzFMlaF+l73iwpzsqRIFgbMLbTcLD6cOao82TaWefPXQvB2fOC4AjuYSEndS7N/mTCbkdQ==}
    engines: {node: '>= 0.8'}

  supports-color@7.2.0:
    resolution: {integrity: sha512-qpCAvRl9stuOHveKsn7HncJRvv501qIacKzQlO/+Lwxc9+0q2wLyv4Dfvt80/DPn2pqOBsJdDiogXGR9+OvwRw==}
    engines: {node: '>=8'}

  supports-preserve-symlinks-flag@1.0.0:
    resolution: {integrity: sha512-ot0WnXS9fgdkgIcePe6RHNk1WA8+muPa6cSjeR3V8K27q9BB1rTE3R1p7Hv0z1ZyAc8s6Vvv8DIyWf681MAt0w==}
    engines: {node: '>= 0.4'}

  terser@5.39.0:
    resolution: {integrity: sha512-LBAhFyLho16harJoWMg/nZsQYgTrg5jXOn2nCYjRUcZZEdE3qa2zb8QEDRUGVZBW4rlazf2fxkg8tztybTaqWw==}
    engines: {node: '>=10'}
    hasBin: true

  text-segmentation@1.0.3:
    resolution: {integrity: sha512-iOiPUo/BGnZ6+54OsWxZidGCsdU8YbE4PSpdPinp7DeMtUJNJBoJ/ouUSTJjHkh1KntHaltHl/gDs2FC4i5+Nw==}

  toidentifier@1.0.1:
    resolution: {integrity: sha512-o5sSPKEkg/DIQNmH43V0/uerLrpzVedkUh8tGNvaeXpfpuwjKenlSox/2O/BTlZUtEe+JG7s5YhEz608PlAHRA==}
    engines: {node: '>=0.6'}

  tslib@2.8.1:
    resolution: {integrity: sha512-oJFu94HQb+KVduSUQL7wnpmqnfmLsOA/nAh6b6EH0wCEoK0/mPeXU6c3wKDV83MkOuHPRHtSXKKU99IBazS/2w==}

  typescript@5.8.3:
    resolution: {integrity: sha512-p1diW6TqL9L07nNxvRMM7hMMw4c5XOo/1ibL4aAIGmSAt9slTE1Xgw5KWuof2uTOvCg9BY7ZRi+GaF+7sfgPeQ==}
    engines: {node: '>=14.17'}
    hasBin: true

  undici-types@6.19.8:
    resolution: {integrity: sha512-ve2KP6f/JnbPBFyobGHuerC9g1FYGn/F8n1LWTwNxCEzd6IfqTwUQcNXgEtmmQ6DlRrC1hrSrBnCZPokRrDHjw==}

  unpipe@1.0.0:
    resolution: {integrity: sha512-pjy2bYhSsufwWlKwPc+l3cN7+wuJlK6uz0YdJEOlQDbl6jo/YlPi4mb8agUkVC8BF7V8NuzeyPNqRksA3hztKQ==}
    engines: {node: '>= 0.8'}

  utrie@1.0.2:
    resolution: {integrity: sha512-1MLa5ouZiOmQzUbjbu9VmjLzn1QLXBhwpUa7kdLUQK+KQ5KA9I1vk5U4YHe/X2Ch7PYnJfWuWT+VbuxbGwljhw==}

  wrappy@1.0.2:
    resolution: {integrity: sha512-l4Sp/DRseor9wL6EvV2+TuQn63dMkPjZ/sp9XkghTEbV9KlPS1xUsZ3u7/IQO4wxtcFB4bgpQPRcR3QCvezPcQ==}

  ws@8.18.2:
    resolution: {integrity: sha512-DMricUmwGZUVr++AEAe2uiVM7UoO9MAVZMDu05UQOaUII0lp+zOzLLU4Xqh/JvTqklB1T4uELaaPBKyjE1r4fQ==}
    engines: {node: '>=10.0.0'}
    peerDependencies:
      bufferutil: ^4.0.1
      utf-8-validate: '>=5.0.2'
    peerDependenciesMeta:
      bufferutil:
        optional: true
      utf-8-validate:
        optional: true

  zod-to-json-schema@3.24.5:
    resolution: {integrity: sha512-/AuWwMP+YqiPbsJx5D6TfgRTc4kTLjsh5SOcd4bLsfUg2RcEXrFMJl1DGgdHy2aCfsIA/cr/1JM0xcB2GZji8g==}
    peerDependencies:
      zod: ^3.24.1

  zod@3.24.4:
    resolution: {integrity: sha512-OdqJE9UDRPwWsrHjLN2F8bPxvwJBK22EHLWtanu0LSYr5YqzsaaW3RMgmjwr8Rypg5k+meEJdSPXJZXE/yqOMg==}

snapshots:

  '@babel/code-frame@7.27.1':
    dependencies:
      '@babel/helper-validator-identifier': 7.27.1
      js-tokens: 4.0.0
      picocolors: 1.1.1

  '@babel/helper-validator-identifier@7.27.1': {}

  '@jridgewell/gen-mapping@0.3.8':
    dependencies:
      '@jridgewell/set-array': 1.2.1
      '@jridgewell/sourcemap-codec': 1.5.0
      '@jridgewell/trace-mapping': 0.3.25

  '@jridgewell/resolve-uri@3.1.2': {}

  '@jridgewell/set-array@1.2.1': {}

  '@jridgewell/source-map@0.3.6':
    dependencies:
      '@jridgewell/gen-mapping': 0.3.8
      '@jridgewell/trace-mapping': 0.3.25

  '@jridgewell/sourcemap-codec@1.5.0': {}

  '@jridgewell/trace-mapping@0.3.25':
    dependencies:
      '@jridgewell/resolve-uri': 3.1.2
      '@jridgewell/sourcemap-codec': 1.5.0

  '@modelcontextprotocol/sdk@1.5.0':
    dependencies:
      content-type: 1.0.5
      eventsource: 3.0.7
      raw-body: 3.0.0
      zod: 3.24.4
      zod-to-json-schema: 3.24.5(zod@3.24.4)

  '@rollup/plugin-commonjs@25.0.8(rollup@4.40.2)':
    dependencies:
      '@rollup/pluginutils': 5.1.4(rollup@4.40.2)
      commondir: 1.0.1
      estree-walker: 2.0.2
      glob: 8.1.0
      is-reference: 1.2.1
      magic-string: 0.30.17
    optionalDependencies:
      rollup: 4.40.2

  '@rollup/plugin-node-resolve@15.3.1(rollup@4.40.2)':
    dependencies:
      '@rollup/pluginutils': 5.1.4(rollup@4.40.2)
      '@types/resolve': 1.20.2
      deepmerge: 4.3.1
      is-module: 1.0.0
      resolve: 1.22.10
    optionalDependencies:
      rollup: 4.40.2

  '@rollup/plugin-typescript@11.1.6(rollup@4.40.2)(tslib@2.8.1)(typescript@5.8.3)':
    dependencies:
      '@rollup/pluginutils': 5.1.4(rollup@4.40.2)
      resolve: 1.22.10
      typescript: 5.8.3
    optionalDependencies:
      rollup: 4.40.2
      tslib: 2.8.1

  '@rollup/pluginutils@5.1.4(rollup@4.40.2)':
    dependencies:
      '@types/estree': 1.0.7
      estree-walker: 2.0.2
      picomatch: 4.0.2
    optionalDependencies:
      rollup: 4.40.2

  '@rollup/rollup-android-arm-eabi@4.40.2':
    optional: true

  '@rollup/rollup-android-arm64@4.40.2':
    optional: true

  '@rollup/rollup-darwin-arm64@4.40.2':
    optional: true

  '@rollup/rollup-darwin-x64@4.40.2':
    optional: true

  '@rollup/rollup-freebsd-arm64@4.40.2':
    optional: true

  '@rollup/rollup-freebsd-x64@4.40.2':
    optional: true

  '@rollup/rollup-linux-arm-gnueabihf@4.40.2':
    optional: true

  '@rollup/rollup-linux-arm-musleabihf@4.40.2':
    optional: true

  '@rollup/rollup-linux-arm64-gnu@4.40.2':
    optional: true

  '@rollup/rollup-linux-arm64-musl@4.40.2':
    optional: true

  '@rollup/rollup-linux-loongarch64-gnu@4.40.2':
    optional: true

  '@rollup/rollup-linux-powerpc64le-gnu@4.40.2':
    optional: true

  '@rollup/rollup-linux-riscv64-gnu@4.40.2':
    optional: true

  '@rollup/rollup-linux-riscv64-musl@4.40.2':
    optional: true

  '@rollup/rollup-linux-s390x-gnu@4.40.2':
    optional: true

  '@rollup/rollup-linux-x64-gnu@4.40.2':
    optional: true

  '@rollup/rollup-linux-x64-musl@4.40.2':
    optional: true

  '@rollup/rollup-win32-arm64-msvc@4.40.2':
    optional: true

  '@rollup/rollup-win32-ia32-msvc@4.40.2':
    optional: true

  '@rollup/rollup-win32-x64-msvc@4.40.2':
    optional: true

  '@types/estree@1.0.7': {}

  '@types/node@20.17.46':
    dependencies:
      undici-types: 6.19.8

  '@types/resolve@1.20.2': {}

  '@types/ws@8.18.1':
    dependencies:
      '@types/node': 20.17.46

  acorn@8.14.1: {}

  balanced-match@1.0.2: {}

  base64-arraybuffer@1.0.2: {}

  brace-expansion@2.0.1:
    dependencies:
      balanced-match: 1.0.2

  buffer-from@1.1.2: {}

  bytes@3.1.2: {}

  commander@2.20.3: {}

  commondir@1.0.1: {}

  content-type@1.0.5: {}

  css-line-break@2.1.0:
    dependencies:
      utrie: 1.0.2

  deepmerge@4.3.1: {}

  depd@2.0.0: {}

  estree-walker@2.0.2: {}

  eventsource-parser@3.0.1: {}

  eventsource@3.0.7:
    dependencies:
      eventsource-parser: 3.0.1

  fs.realpath@1.0.0: {}

  fsevents@2.3.3:
    optional: true

  function-bind@1.1.2: {}

  glob@8.1.0:
    dependencies:
      fs.realpath: 1.0.0
      inflight: 1.0.6
      inherits: 2.0.4
      minimatch: 5.1.6
      once: 1.4.0

  has-flag@4.0.0: {}

  hasown@2.0.2:
    dependencies:
      function-bind: 1.1.2

  html2canvas@1.4.1:
    dependencies:
      css-line-break: 2.1.0
      text-segmentation: 1.0.3

  http-errors@2.0.0:
    dependencies:
      depd: 2.0.0
      inherits: 2.0.4
      setprototypeof: 1.2.0
      statuses: 2.0.1
      toidentifier: 1.0.1

  iconv-lite@0.6.3:
    dependencies:
      safer-buffer: 2.1.2

  inflight@1.0.6:
    dependencies:
      once: 1.4.0
      wrappy: 1.0.2

  inherits@2.0.4: {}

  is-core-module@2.16.1:
    dependencies:
      hasown: 2.0.2

  is-module@1.0.0: {}

  is-reference@1.2.1:
    dependencies:
      '@types/estree': 1.0.7

  jest-worker@26.6.2:
    dependencies:
      '@types/node': 20.17.46
      merge-stream: 2.0.0
      supports-color: 7.2.0

  js-tokens@4.0.0: {}

  magic-string@0.30.17:
    dependencies:
      '@jridgewell/sourcemap-codec': 1.5.0

  merge-stream@2.0.0: {}

  minimatch@5.1.6:
    dependencies:
      brace-expansion: 2.0.1

  once@1.4.0:
    dependencies:
      wrappy: 1.0.2

  path-parse@1.0.7: {}

  picocolors@1.1.1: {}

  picomatch@4.0.2: {}

  randombytes@2.1.0:
    dependencies:
      safe-buffer: 5.2.1

  raw-body@3.0.0:
    dependencies:
      bytes: 3.1.2
      http-errors: 2.0.0
      iconv-lite: 0.6.3
      unpipe: 1.0.0

  resolve@1.22.10:
    dependencies:
      is-core-module: 2.16.1
      path-parse: 1.0.7
      supports-preserve-symlinks-flag: 1.0.0

  rollup-plugin-terser@7.0.2(rollup@4.40.2):
    dependencies:
      '@babel/code-frame': 7.27.1
      jest-worker: 26.6.2
      rollup: 4.40.2
      serialize-javascript: 4.0.0
      terser: 5.39.0

  rollup@4.40.2:
    dependencies:
      '@types/estree': 1.0.7
    optionalDependencies:
      '@rollup/rollup-android-arm-eabi': 4.40.2
      '@rollup/rollup-android-arm64': 4.40.2
      '@rollup/rollup-darwin-arm64': 4.40.2
      '@rollup/rollup-darwin-x64': 4.40.2
      '@rollup/rollup-freebsd-arm64': 4.40.2
      '@rollup/rollup-freebsd-x64': 4.40.2
      '@rollup/rollup-linux-arm-gnueabihf': 4.40.2
      '@rollup/rollup-linux-arm-musleabihf': 4.40.2
      '@rollup/rollup-linux-arm64-gnu': 4.40.2
      '@rollup/rollup-linux-arm64-musl': 4.40.2
      '@rollup/rollup-linux-loongarch64-gnu': 4.40.2
      '@rollup/rollup-linux-powerpc64le-gnu': 4.40.2
      '@rollup/rollup-linux-riscv64-gnu': 4.40.2
      '@rollup/rollup-linux-riscv64-musl': 4.40.2
      '@rollup/rollup-linux-s390x-gnu': 4.40.2
      '@rollup/rollup-linux-x64-gnu': 4.40.2
      '@rollup/rollup-linux-x64-musl': 4.40.2
      '@rollup/rollup-win32-arm64-msvc': 4.40.2
      '@rollup/rollup-win32-ia32-msvc': 4.40.2
      '@rollup/rollup-win32-x64-msvc': 4.40.2
      fsevents: 2.3.3

  safe-buffer@5.2.1: {}

  safer-buffer@2.1.2: {}

  serialize-javascript@4.0.0:
    dependencies:
      randombytes: 2.1.0

  setprototypeof@1.2.0: {}

  source-map-support@0.5.21:
    dependencies:
      buffer-from: 1.1.2
      source-map: 0.6.1

  source-map@0.6.1: {}

  statuses@2.0.1: {}

  supports-color@7.2.0:
    dependencies:
      has-flag: 4.0.0

  supports-preserve-symlinks-flag@1.0.0: {}

  terser@5.39.0:
    dependencies:
      '@jridgewell/source-map': 0.3.6
      acorn: 8.14.1
      commander: 2.20.3
      source-map-support: 0.5.21

  text-segmentation@1.0.3:
    dependencies:
      utrie: 1.0.2

  toidentifier@1.0.1: {}

  tslib@2.8.1: {}

  typescript@5.8.3: {}

  undici-types@6.19.8: {}

  unpipe@1.0.0: {}

  utrie@1.0.2:
    dependencies:
      base64-arraybuffer: 1.0.2

  wrappy@1.0.2: {}

  ws@8.18.2: {}

  zod-to-json-schema@3.24.5(zod@3.24.4):
    dependencies:
      zod: 3.24.4

  zod@3.24.4: {}
